Microsoft Visual Studio Solution File, Format Version 11.00
# Visual Studio 2010
Project("{8AF00E21-C904-48E0-81E4-C7454D6130D9}") = "projectastrogeny", ".dub/projectastrogeny.visualdproj", "{60803BEF-FDAE-4C12-9A4F-A69A05BF8E1A}"
	ProjectSection(ProjectDependencies) = postProject
		{BE1988AD-82DA-4EF7-8F4D-7EE5E194066A} = {BE1988AD-82DA-4EF7-8F4D-7EE5E194066A}
		{858DF8F7-19F0-4D8F-B134-6D6F74420DB2} = {858DF8F7-19F0-4D8F-B134-6D6F74420DB2}
		{7EFA3D5E-0561-4E83-800D-100F01511A0A} = {7EFA3D5E-0561-4E83-800D-100F01511A0A}
		{7EFA3D5E-0561-4E83-800D-100F01511A0A} = {7EFA3D5E-0561-4E83-800D-100F01511A0A}
	EndProjectSection
EndProject
Project("{8AF00E21-C904-48E0-81E4-C7454D6130D9}") = "derelict-gl3", ".dub/derelict-gl3.visualdproj", "{BE1988AD-82DA-4EF7-8F4D-7EE5E194066A}"
EndProject
Project("{8AF00E21-C904-48E0-81E4-C7454D6130D9}") = "derelict-util", ".dub/derelict-util.visualdproj", "{7EFA3D5E-0561-4E83-800D-100F01511A0A}"
EndProject
Project("{8AF00E21-C904-48E0-81E4-C7454D6130D9}") = "derelict-glfw3", ".dub/derelict-glfw3.visualdproj", "{858DF8F7-19F0-4D8F-B134-6D6F74420DB2}"
EndProject
Global
	GlobalSection(SolutionConfigurationPlatforms) = preSolution
		debug|Win32 = debug|Win32
	EndGlobalSection
	GlobalSection(ProjectConfigurationPlatforms) = postSolution
		{7EFA3D5E-0561-4E83-800D-100F01511A0A}.debug|Win32.ActiveCfg = debug|Win32
		{7EFA3D5E-0561-4E83-800D-100F01511A0A}.debug|Win32.Build.0 = debug|Win32
		{60803BEF-FDAE-4C12-9A4F-A69A05BF8E1A}.debug|Win32.ActiveCfg = debug|Win32
		{60803BEF-FDAE-4C12-9A4F-A69A05BF8E1A}.debug|Win32.Build.0 = debug|Win32
		{BE1988AD-82DA-4EF7-8F4D-7EE5E194066A}.debug|Win32.ActiveCfg = debug|Win32
		{BE1988AD-82DA-4EF7-8F4D-7EE5E194066A}.debug|Win32.Build.0 = debug|Win32
		{858DF8F7-19F0-4D8F-B134-6D6F74420DB2}.debug|Win32.ActiveCfg = debug|Win32
		{858DF8F7-19F0-4D8F-B134-6D6F74420DB2}.debug|Win32.Build.0 = debug|Win32
	EndGlobalSection
	GlobalSection(SolutionProperties) = preSolution
		HideSolutionNode = FALSE
	EndGlobalSection
EndGlobal
